
Microsoft Visual Studio Solution File, Format Version 12.00
# Visual Studio Version 16
VisualStudioVersion = 16.0.30114.105
MinimumVisualStudioVersion = 10.0.40219.1
Project("{FAE04EC0-301F-11D3-BF4B-00C04F79EFBC}") = "SimpleApi", "SimpleApi\SimpleApi.csproj", "{3763F2B2-2B84-43FF-8A23-32CF28687ABE}"
EndProject
Project("{2150E333-8FDC-42A3-9474-1A3956D46DE8}") = "Test", "Test", "{ACA1BBDC-EDFF-496D-B3EA-92B6F23C967A}"
EndProject
Project("{FAE04EC0-301F-11D3-BF4B-00C04F79EFBC}") = "SimpleApi.Tests", "Test\SimpleApi.Tests\SimpleApi.Tests.csproj", "{D519F0A1-8939-4E3E-86F8-2E6A5479EA08}"
EndProject
Global
	GlobalSection(SolutionConfigurationPlatforms) = preSolution
		Debug|Any CPU = Debug|Any CPU
		Release|Any CPU = Release|Any CPU
	EndGlobalSection
	GlobalSection(SolutionProperties) = preSolution
		HideSolutionNode = FALSE
	EndGlobalSection
	GlobalSection(ProjectConfigurationPlatforms) = postSolution
		{3763F2B2-2B84-43FF-8A23-32CF28687ABE}.Debug|Any CPU.ActiveCfg = Debug|Any CPU
		{3763F2B2-2B84-43FF-8A23-32CF28687ABE}.Debug|Any CPU.Build.0 = Debug|Any CPU
		{3763F2B2-2B84-43FF-8A23-32CF28687ABE}.Release|Any CPU.ActiveCfg = Release|Any CPU
		{3763F2B2-2B84-43FF-8A23-32CF28687ABE}.Release|Any CPU.Build.0 = Release|Any CPU
		{D519F0A1-8939-4E3E-86F8-2E6A5479EA08}.Debug|Any CPU.ActiveCfg = Debug|Any CPU
		{D519F0A1-8939-4E3E-86F8-2E6A5479EA08}.Debug|Any CPU.Build.0 = Debug|Any CPU
		{D519F0A1-8939-4E3E-86F8-2E6A5479EA08}.Release|Any CPU.ActiveCfg = Release|Any CPU
		{D519F0A1-8939-4E3E-86F8-2E6A5479EA08}.Release|Any CPU.Build.0 = Release|Any CPU
	EndGlobalSection
	GlobalSection(NestedProjects) = preSolution
		{D519F0A1-8939-4E3E-86F8-2E6A5479EA08} = {ACA1BBDC-EDFF-496D-B3EA-92B6F23C967A}
	EndGlobalSection
EndGlobal
